
Microsoft Visual Studio Solution File, Format Version 12.00
# Visual Studio Version 17
VisualStudioVersion = 17.3.32811.315
MinimumVisualStudioVersion = 10.0.40219.1
Project("{8BC9CEB8-8B4A-11D0-8D11-00A0C91BC942}") = "solid_geometry_calculators", "solid_geometry_calculators\solid_geometry_calculators.vcxproj", "{A512CEB5-DA36-48DE-9DB4-F1D51E24CAF6}"
EndProject
Global
	GlobalSection(SolutionConfigurationPlatforms) = preSolution
		Debug|x64 = Debug|x64
		Debug|x86 = Debug|x86
		Release|x64 = Release|x64
		Release|x86 = Release|x86
	EndGlobalSection
	GlobalSection(ProjectConfigurationPlatforms) = postSolution
		{A512CEB5-DA36-48DE-9DB4-F1D51E24CAF6}.Debug|x64.ActiveCfg = Debug|x64
		{A512CEB5-DA36-48DE-9DB4-F1D51E24CAF6}.Debug|x64.Build.0 = Debug|x64
		{A512CEB5-DA36-48DE-9DB4-F1D51E24CAF6}.Debug|x86.ActiveCfg = Debug|Win32
		{A512CEB5-DA36-48DE-9DB4-F1D51E24CAF6}.Debug|x86.Build.0 = Debug|Win32
		{A512CEB5-DA36-48DE-9DB4-F1D51E24CAF6}.Release|x64.ActiveCfg = Release|x64
		{A512CEB5-DA36-48DE-9DB4-F1D51E24CAF6}.Release|x64.Build.0 = Release|x64
		{A512CEB5-DA36-48DE-9DB4-F1D51E24CAF6}.Release|x86.ActiveCfg = Release|Win32
		{A512CEB5-DA36-48DE-9DB4-F1D51E24CAF6}.Release|x86.Build.0 = Release|Win32
	EndGlobalSection
	GlobalSection(SolutionProperties) = preSolution
		HideSolutionNode = FALSE
	EndGlobalSection
	GlobalSection(ExtensibilityGlobals) = postSolution
		SolutionGuid = {C5CDA8A5-17E8-4CC6-960A-BFFB70BE939B}
	EndGlobalSection
EndGlobal
