
Microsoft Visual Studio Solution File, Format Version 12.00
# Visual Studio Version 17
VisualStudioVersion = 17.3.32811.315
MinimumVisualStudioVersion = 10.0.40219.1
Project("{8BC9CEB8-8B4A-11D0-8D11-00A0C91BC942}") = "ASCIITexttoNumber", "ASCIITexttoNumber\ASCIITexttoNumber.vcxproj", "{21C547E2-68E4-4DC3-9912-AF5D2F3CB6E1}"
EndProject
Global
	GlobalSection(SolutionConfigurationPlatforms) = preSolution
		Debug|x64 = Debug|x64
		Debug|x86 = Debug|x86
		Release|x64 = Release|x64
		Release|x86 = Release|x86
	EndGlobalSection
	GlobalSection(ProjectConfigurationPlatforms) = postSolution
		{21C547E2-68E4-4DC3-9912-AF5D2F3CB6E1}.Debug|x64.ActiveCfg = Debug|x64
		{21C547E2-68E4-4DC3-9912-AF5D2F3CB6E1}.Debug|x64.Build.0 = Debug|x64
		{21C547E2-68E4-4DC3-9912-AF5D2F3CB6E1}.Debug|x86.ActiveCfg = Debug|Win32
		{21C547E2-68E4-4DC3-9912-AF5D2F3CB6E1}.Debug|x86.Build.0 = Debug|Win32
		{21C547E2-68E4-4DC3-9912-AF5D2F3CB6E1}.Release|x64.ActiveCfg = Release|x64
		{21C547E2-68E4-4DC3-9912-AF5D2F3CB6E1}.Release|x64.Build.0 = Release|x64
		{21C547E2-68E4-4DC3-9912-AF5D2F3CB6E1}.Release|x86.ActiveCfg = Release|Win32
		{21C547E2-68E4-4DC3-9912-AF5D2F3CB6E1}.Release|x86.Build.0 = Release|Win32
	EndGlobalSection
	GlobalSection(SolutionProperties) = preSolution
		HideSolutionNode = FALSE
	EndGlobalSection
	GlobalSection(ExtensibilityGlobals) = postSolution
		SolutionGuid = {5E69123B-D57D-4217-A722-AD9F31230D32}
	EndGlobalSection
EndGlobal
